
Microsoft Visual Studio Solution File, Format Version 12.00
# Visual Studio Version 16
VisualStudioVersion = 16.0.30104.148
MinimumVisualStudioVersion = 10.0.40219.1
Project("{FAE04EC0-301F-11D3-BF4B-00C04F79EFBC}") = "BooksListAssignment", "BooksListAssignment\BooksListAssignment.csproj", "{D426AD53-38F4-4819-9BE1-BEEDDA470EC5}"
EndProject
Global
	GlobalSection(SolutionConfigurationPlatforms) = preSolution
		Debug|Any CPU = Debug|Any CPU
		Release|Any CPU = Release|Any CPU
	EndGlobalSection
	GlobalSection(ProjectConfigurationPlatforms) = postSolution
		{D426AD53-38F4-4819-9BE1-BEEDDA470EC5}.Debug|Any CPU.ActiveCfg = Debug|Any CPU
		{D426AD53-38F4-4819-9BE1-BEEDDA470EC5}.Debug|Any CPU.Build.0 = Debug|Any CPU
		{D426AD53-38F4-4819-9BE1-BEEDDA470EC5}.Release|Any CPU.ActiveCfg = Release|Any CPU
		{D426AD53-38F4-4819-9BE1-BEEDDA470EC5}.Release|Any CPU.Build.0 = Release|Any CPU
	EndGlobalSection
	GlobalSection(SolutionProperties) = preSolution
		HideSolutionNode = FALSE
	EndGlobalSection
	GlobalSection(ExtensibilityGlobals) = postSolution
		SolutionGuid = {6DE8EA94-1495-480E-A0CE-CDAC12B8CC94}
	EndGlobalSection
EndGlobal
